
Microsoft Visual Studio Solution File, Format Version 12.00
# Visual Studio Version 16
VisualStudioVersion = 16.0.30114.105
MinimumVisualStudioVersion = 10.0.40219.1
Project("{FAE04EC0-301F-11D3-BF4B-00C04F79EFBC}") = "asp.net-react-boilerplate", "asp.net-react-boilerplate.csproj", "{37F6F5F0-FE84-4607-9736-5391F2423709}"
EndProject
Global
	GlobalSection(SolutionConfigurationPlatforms) = preSolution
		Debug|Any CPU = Debug|Any CPU
		Release|Any CPU = Release|Any CPU
	EndGlobalSection
	GlobalSection(ProjectConfigurationPlatforms) = postSolution
		{37F6F5F0-FE84-4607-9736-5391F2423709}.Debug|Any CPU.ActiveCfg = Debug|Any CPU
		{37F6F5F0-FE84-4607-9736-5391F2423709}.Debug|Any CPU.Build.0 = Debug|Any CPU
		{37F6F5F0-FE84-4607-9736-5391F2423709}.Release|Any CPU.ActiveCfg = Release|Any CPU
		{37F6F5F0-FE84-4607-9736-5391F2423709}.Release|Any CPU.Build.0 = Release|Any CPU
	EndGlobalSection
	GlobalSection(SolutionProperties) = preSolution
		HideSolutionNode = FALSE
	EndGlobalSection
	GlobalSection(ExtensibilityGlobals) = postSolution
		SolutionGuid = {2207896B-2C7A-4E70-B188-1228DE687B35}
	EndGlobalSection
EndGlobal
